{
  "version": 4,
  "terraform_version": "1.4.5",
  "serial": 8,
  "lineage": "fa4aa3b2-1d52-ac84-3737-fa6604528ed9",
  "outputs": {},
  "resources": [
    {
      "mode": "data",
      "type": "digitalocean_ssh_key",
      "name": "example",
      "provider": "provider[\"registry.terraform.io/digitalocean/digitalocean\"]",
      "instances": [
        {
          "schema_version": 0,
          "attributes": {
            "fingerprint": "61:42:7a:a5:6a:56:59:54:27:55:d5:bb:9c:d0:04:e3",
            "id": 38053764,
            "name": "srv-ubuntu-vm",
            "public_key": "ssh-rsa AAAAB3NzaC1yc2EAAAADAQABAAABAQC1RMnPavXrR/fHCThDi5SFrolbL1MZpdpXEDklSRQxzG0Xkh83Hp3++AbMgggTMoT+D9IIvJ8n5fdPM8KOdekFbu8LhO+AyMm1k8YIH6IPv9m7SaZM2HBTOsztlH5rcizDf+kYjH5EusdFZLjJkvt3MzWMkaz4DQe3DVS19MCuH8iDyXl+ytlXiXyq+FDX78yKv921p9A2/HlHMCOqYZajqcL3b0R97yfdaeWeypfi73ICGTjt3pdDrTf2tlS3djRlAT7PdvaST0RNigN07lh7+RBEnUKelxug/ZPMsWU80c+Au2bD4hc07wzdcEy/MW+Dgl95ZKcPMA+Of17wAtGX root@srv-ubuntu-docker\n"
          },
          "sensitive_attributes": []
        }
      ]
    },
    {
      "mode": "managed",
      "type": "digitalocean_droplet",
      "name": "jenkins",
      "provider": "provider[\"registry.terraform.io/digitalocean/digitalocean\"]",
      "instances": [
        {
          "schema_version": 1,
          "attributes": {
            "backups": false,
            "created_at": "2023-04-17T00:21:37Z",
            "disk": 60,
            "droplet_agent": null,
            "graceful_shutdown": false,
            "id": "351035876",
            "image": "ubuntu-22-04-x64",
            "ipv4_address": "68.183.119.155",
            "ipv4_address_private": "10.116.0.2",
            "ipv6": false,
            "ipv6_address": "",
            "locked": false,
            "memory": 2048,
            "monitoring": false,
            "name": "jenkins-vm",
            "price_hourly": 0.02679,
            "price_monthly": 18,
            "private_networking": true,
            "region": "nyc1",
            "resize_disk": true,
            "size": "s-2vcpu-2gb",
            "ssh_keys": [
              "38053764"
            ],
            "status": "active",
            "tags": null,
            "timeouts": null,
            "urn": "do:droplet:351035876",
            "user_data": null,
            "vcpus": 2,
            "volume_ids": [],
            "vpc_uuid": "8643c319-47d8-46ee-bdcc-0d355dc1901a"
          },
          "sensitive_attributes": [],
          "private": "eyJlMmJmYjczMC1lY2FhLTExZTYtOGY4OC0zNDM2M2JjN2M0YzAiOnsiY3JlYXRlIjozNjAwMDAwMDAwMDAwLCJkZWxldGUiOjYwMDAwMDAwMDAwLCJ1cGRhdGUiOjM2MDAwMDAwMDAwMDB9LCJzY2hlbWFfdmVyc2lvbiI6IjEifQ==",
          "dependencies": [
            "data.digitalocean_ssh_key.example"
          ]
        }
      ]
    }
  ],
  "check_results": null
}
